
Microsoft Visual Studio Solution File, Format Version 12.00
# Visual Studio Version 17
VisualStudioVersion = 17.11.35219.272
MinimumVisualStudioVersion = 10.0.40219.1
Project("{FAE04EC0-301F-11D3-BF4B-00C04F79EFBC}") = "Andmebaasi_Sergachev", "Andmebaasi_Sergachev.csproj", "{EBC55F65-E0B9-471A-A4E1-F053FC444D0B}"
EndProject
Global
	GlobalSection(SolutionConfigurationPlatforms) = preSolution
		Debug|Any CPU = Debug|Any CPU
		Release|Any CPU = Release|Any CPU
	EndGlobalSection
	GlobalSection(ProjectConfigurationPlatforms) = postSolution
		{EBC55F65-E0B9-471A-A4E1-F053FC444D0B}.Debug|Any CPU.ActiveCfg = Debug|Any CPU
		{EBC55F65-E0B9-471A-A4E1-F053FC444D0B}.Debug|Any CPU.Build.0 = Debug|Any CPU
		{EBC55F65-E0B9-471A-A4E1-F053FC444D0B}.Release|Any CPU.ActiveCfg = Release|Any CPU
		{EBC55F65-E0B9-471A-A4E1-F053FC444D0B}.Release|Any CPU.Build.0 = Release|Any CPU
	EndGlobalSection
	GlobalSection(SolutionProperties) = preSolution
		HideSolutionNode = FALSE
	EndGlobalSection
	GlobalSection(ExtensibilityGlobals) = postSolution
		SolutionGuid = {45C58332-7E6E-41EA-A49C-31E88A1448BF}
	EndGlobalSection
EndGlobal
